Microsoft Visual Studio Solution File, 11.00
# Visual Studio 2010
Project("{FAE04EC0-301F-11D3-BF4B-00C04F79EFBC}") = "PDFExtracter", "PDFExtracter\PDFExtracter.csproj", "{30DC5C2F-D241-4001-949F-6F3DF4ADA010}"
EndProject
Project("{FAE04EC0-301F-11D3-BF4B-00C04F79EFBC}") = "PDFNavigator", "PDFNavigator\PDFNavigator.csproj", "{F92644CE-8BA1-4B54-AA60-B7A30551481D}"
EndProject
Project("{FAE04EC0-301F-11D3-BF4B-00C04F79EFBC}") = "GetImageDLL", "GetImageDLL\GetImageDLL.csproj", "{BFDD6282-FE5B-44C7-B8AF-CC0470DDA26C}"
EndProject
Project("{FAE04EC0-301F-11D3-BF4B-00C04F79EFBC}") = "test_temp", "..\test_temp\test_temp.csproj", "{1517F66A-32C4-45C3-A2E3-66F5B02A2843}"
EndProject
Project("{F088123C-0E9E-452A-89E6-6BA2F21D5CAC}") = "ModelingProject", "ModelingProject\ModelingProject.modelproj", "{29F8D55A-EDF4-4031-8094-DC1DE6AB1EAB}"
EndProject
Global
	GlobalSection(SolutionConfigurationPlatforms) = preSolution
		CD_ROM|Any CPU = CD_ROM|Any CPU
		CD_ROM|Mixed Platforms = CD_ROM|Mixed Platforms
		CD_ROM|Win32 = CD_ROM|Win32
		CD_ROM|x86 = CD_ROM|x86
		DVD-5|Any CPU = DVD-5|Any CPU
		DVD-5|Mixed Platforms = DVD-5|Mixed Platforms
		DVD-5|Win32 = DVD-5|Win32
		DVD-5|x86 = DVD-5|x86
		Debug|Any CPU = Debug|Any CPU
		Debug|Mixed Platforms = Debug|Mixed Platforms
		Debug|Win32 = Debug|Win32
		Debug|x86 = Debug|x86
		Release|Any CPU = Release|Any CPU
		Release|Mixed Platforms = Release|Mixed Platforms
		Release|Win32 = Release|Win32
		Release|x86 = Release|x86
		SingleImage|Any CPU = SingleImage|Any CPU
		SingleImage|Mixed Platforms = SingleImage|Mixed Platforms
		SingleImage|Win32 = SingleImage|Win32
		SingleImage|x86 = SingleImage|x86
	EndGlobalSection
	GlobalSection(ProjectConfigurationPlatforms) = postSolution
		{1517F66A-32C4-45C3-A2E3-66F5B02A2843}.CD_ROM|Any CPU.ActiveCfg = Release|x86
		{1517F66A-32C4-45C3-A2E3-66F5B02A2843}.CD_ROM|Mixed Platforms.ActiveCfg = Release|x86
		{1517F66A-32C4-45C3-A2E3-66F5B02A2843}.CD_ROM|Mixed Platforms.Build.0 = Release|x86
		{1517F66A-32C4-45C3-A2E3-66F5B02A2843}.CD_ROM|Win32.ActiveCfg = Release|x86
		{1517F66A-32C4-45C3-A2E3-66F5B02A2843}.CD_ROM|x86.ActiveCfg = Release|x86
		{1517F66A-32C4-45C3-A2E3-66F5B02A2843}.CD_ROM|x86.Build.0 = Release|x86
		{1517F66A-32C4-45C3-A2E3-66F5B02A2843}.DVD-5|Any CPU.ActiveCfg = Debug|x86
		{1517F66A-32C4-45C3-A2E3-66F5B02A2843}.DVD-5|Mixed Platforms.ActiveCfg = Debug|x86
		{1517F66A-32C4-45C3-A2E3-66F5B02A2843}.DVD-5|Mixed Platforms.Build.0 = Debug|x86
		{1517F66A-32C4-45C3-A2E3-66F5B02A2843}.DVD-5|Win32.ActiveCfg = Debug|x86
		{1517F66A-32C4-45C3-A2E3-66F5B02A2843}.DVD-5|x86.ActiveCfg = Debug|x86
		{1517F66A-32C4-45C3-A2E3-66F5B02A2843}.DVD-5|x86.Build.0 = Debug|x86
		{1517F66A-32C4-45C3-A2E3-66F5B02A2843}.Debug|Any CPU.ActiveCfg = Debug|x86
		{1517F66A-32C4-45C3-A2E3-66F5B02A2843}.Debug|Mixed Platforms.ActiveCfg = Debug|x86
		{1517F66A-32C4-45C3-A2E3-66F5B02A2843}.Debug|Mixed Platforms.Build.0 = Debug|x86
		{1517F66A-32C4-45C3-A2E3-66F5B02A2843}.Debug|Win32.ActiveCfg = Debug|x86
		{1517F66A-32C4-45C3-A2E3-66F5B02A2843}.Debug|x86.ActiveCfg = Debug|x86
		{1517F66A-32C4-45C3-A2E3-66F5B02A2843}.Debug|x86.Build.0 = Debug|x86
		{1517F66A-32C4-45C3-A2E3-66F5B02A2843}.Release|Any CPU.ActiveCfg = Release|x86
		{1517F66A-32C4-45C3-A2E3-66F5B02A2843}.Release|Mixed Platforms.ActiveCfg = Release|x86
		{1517F66A-32C4-45C3-A2E3-66F5B02A2843}.Release|Mixed Platforms.Build.0 = Release|x86
		{1517F66A-32C4-45C3-A2E3-66F5B02A2843}.Release|Win32.ActiveCfg = Release|x86
		{1517F66A-32C4-45C3-A2E3-66F5B02A2843}.Release|x86.ActiveCfg = Release|x86
		{1517F66A-32C4-45C3-A2E3-66F5B02A2843}.Release|x86.Build.0 = Release|x86
		{1517F66A-32C4-45C3-A2E3-66F5B02A2843}.SingleImage|Any CPU.ActiveCfg = Release|x86
		{1517F66A-32C4-45C3-A2E3-66F5B02A2843}.SingleImage|Mixed Platforms.ActiveCfg = Release|x86
		{1517F66A-32C4-45C3-A2E3-66F5B02A2843}.SingleImage|Mixed Platforms.Build.0 = Release|x86
		{1517F66A-32C4-45C3-A2E3-66F5B02A2843}.SingleImage|Win32.ActiveCfg = Release|x86
		{1517F66A-32C4-45C3-A2E3-66F5B02A2843}.SingleImage|x86.ActiveCfg = Release|x86
		{1517F66A-32C4-45C3-A2E3-66F5B02A2843}.SingleImage|x86.Build.0 = Release|x86
		{29F8D55A-EDF4-4031-8094-DC1DE6AB1EAB}.CD_ROM|Any CPU.ActiveCfg = Release|Any CPU
		{29F8D55A-EDF4-4031-8094-DC1DE6AB1EAB}.CD_ROM|Any CPU.Build.0 = Release|Any CPU
		{29F8D55A-EDF4-4031-8094-DC1DE6AB1EAB}.CD_ROM|Mixed Platforms.ActiveCfg = Release|Any CPU
		{29F8D55A-EDF4-4031-8094-DC1DE6AB1EAB}.CD_ROM|Mixed Platforms.Build.0 = Release|Any CPU
		{29F8D55A-EDF4-4031-8094-DC1DE6AB1EAB}.CD_ROM|Win32.ActiveCfg = Release|Any CPU
		{29F8D55A-EDF4-4031-8094-DC1DE6AB1EAB}.CD_ROM|x86.ActiveCfg = Release|Any CPU
		{29F8D55A-EDF4-4031-8094-DC1DE6AB1EAB}.DVD-5|Any CPU.ActiveCfg = Debug|Any CPU
		{29F8D55A-EDF4-4031-8094-DC1DE6AB1EAB}.DVD-5|Any CPU.Build.0 = Debug|Any CPU
		{29F8D55A-EDF4-4031-8094-DC1DE6AB1EAB}.DVD-5|Mixed Platforms.ActiveCfg = Debug|Any CPU
		{29F8D55A-EDF4-4031-8094-DC1DE6AB1EAB}.DVD-5|Mixed Platforms.Build.0 = Debug|Any CPU
		{29F8D55A-EDF4-4031-8094-DC1DE6AB1EAB}.DVD-5|Win32.ActiveCfg = Debug|Any CPU
		{29F8D55A-EDF4-4031-8094-DC1DE6AB1EAB}.DVD-5|x86.ActiveCfg = Debug|Any CPU
		{29F8D55A-EDF4-4031-8094-DC1DE6AB1EAB}.Debug|Any CPU.ActiveCfg = Debug|Any CPU
		{29F8D55A-EDF4-4031-8094-DC1DE6AB1EAB}.Debug|Any CPU.Build.0 = Debug|Any CPU
		{29F8D55A-EDF4-4031-8094-DC1DE6AB1EAB}.Debug|Mixed Platforms.ActiveCfg = Debug|Any CPU
		{29F8D55A-EDF4-4031-8094-DC1DE6AB1EAB}.Debug|Mixed Platforms.Build.0 = Debug|Any CPU
		{29F8D55A-EDF4-4031-8094-DC1DE6AB1EAB}.Debug|Win32.ActiveCfg = Debug|Any CPU
		{29F8D55A-EDF4-4031-8094-DC1DE6AB1EAB}.Debug|x86.ActiveCfg = Debug|Any CPU
		{29F8D55A-EDF4-4031-8094-DC1DE6AB1EAB}.Release|Any CPU.ActiveCfg = Release|Any CPU
		{29F8D55A-EDF4-4031-8094-DC1DE6AB1EAB}.Release|Any CPU.Build.0 = Release|Any CPU
		{29F8D55A-EDF4-4031-8094-DC1DE6AB1EAB}.Release|Mixed Platforms.ActiveCfg = Release|Any CPU
		{29F8D55A-EDF4-4031-8094-DC1DE6AB1EAB}.Release|Mixed Platforms.Build.0 = Release|Any CPU
		{29F8D55A-EDF4-4031-8094-DC1DE6AB1EAB}.Release|Win32.ActiveCfg = Release|Any CPU
		{29F8D55A-EDF4-4031-8094-DC1DE6AB1EAB}.Release|x86.ActiveCfg = Release|Any CPU
		{29F8D55A-EDF4-4031-8094-DC1DE6AB1EAB}.SingleImage|Any CPU.ActiveCfg = Release|Any CPU
		{29F8D55A-EDF4-4031-8094-DC1DE6AB1EAB}.SingleImage|Any CPU.Build.0 = Release|Any CPU
		{29F8D55A-EDF4-4031-8094-DC1DE6AB1EAB}.SingleImage|Mixed Platforms.ActiveCfg = Release|Any CPU
		{29F8D55A-EDF4-4031-8094-DC1DE6AB1EAB}.SingleImage|Mixed Platforms.Build.0 = Release|Any CPU
		{29F8D55A-EDF4-4031-8094-DC1DE6AB1EAB}.SingleImage|Win32.ActiveCfg = Release|Any CPU
		{29F8D55A-EDF4-4031-8094-DC1DE6AB1EAB}.SingleImage|x86.ActiveCfg = Release|Any CPU
		{30DC5C2F-D241-4001-949F-6F3DF4ADA010}.CD_ROM|Any CPU.ActiveCfg = Release|x86
		{30DC5C2F-D241-4001-949F-6F3DF4ADA010}.CD_ROM|Mixed Platforms.ActiveCfg = Release|x86
		{30DC5C2F-D241-4001-949F-6F3DF4ADA010}.CD_ROM|Mixed Platforms.Build.0 = Release|x86
		{30DC5C2F-D241-4001-949F-6F3DF4ADA010}.CD_ROM|Win32.ActiveCfg = Release|x86
		{30DC5C2F-D241-4001-949F-6F3DF4ADA010}.CD_ROM|x86.ActiveCfg = Release|x86
		{30DC5C2F-D241-4001-949F-6F3DF4ADA010}.CD_ROM|x86.Build.0 = Release|x86
		{30DC5C2F-D241-4001-949F-6F3DF4ADA010}.DVD-5|Any CPU.ActiveCfg = Debug|x86
		{30DC5C2F-D241-4001-949F-6F3DF4ADA010}.DVD-5|Mixed Platforms.ActiveCfg = Debug|x86
		{30DC5C2F-D241-4001-949F-6F3DF4ADA010}.DVD-5|Mixed Platforms.Build.0 = Debug|x86
		{30DC5C2F-D241-4001-949F-6F3DF4ADA010}.DVD-5|Win32.ActiveCfg = Debug|x86
		{30DC5C2F-D241-4001-949F-6F3DF4ADA010}.DVD-5|x86.ActiveCfg = Debug|x86
		{30DC5C2F-D241-4001-949F-6F3DF4ADA010}.DVD-5|x86.Build.0 = Debug|x86
		{30DC5C2F-D241-4001-949F-6F3DF4ADA010}.Debug|Any CPU.ActiveCfg = Debug|x86
		{30DC5C2F-D241-4001-949F-6F3DF4ADA010}.Debug|Mixed Platforms.ActiveCfg = Debug|x86
		{30DC5C2F-D241-4001-949F-6F3DF4ADA010}.Debug|Mixed Platforms.Build.0 = Debug|x86
		{30DC5C2F-D241-4001-949F-6F3DF4ADA010}.Debug|Win32.ActiveCfg = Debug|x86
		{30DC5C2F-D241-4001-949F-6F3DF4ADA010}.Debug|x86.ActiveCfg = Debug|x86
		{30DC5C2F-D241-4001-949F-6F3DF4ADA010}.Debug|x86.Build.0 = Debug|x86
		{30DC5C2F-D241-4001-949F-6F3DF4ADA010}.Release|Any CPU.ActiveCfg = Release|x86
		{30DC5C2F-D241-4001-949F-6F3DF4ADA010}.Release|Mixed Platforms.ActiveCfg = Release|x86
		{30DC5C2F-D241-4001-949F-6F3DF4ADA010}.Release|Mixed Platforms.Build.0 = Release|x86
		{30DC5C2F-D241-4001-949F-6F3DF4ADA010}.Release|Win32.ActiveCfg = Release|x86
		{30DC5C2F-D241-4001-949F-6F3DF4ADA010}.Release|x86.ActiveCfg = Release|x86
		{30DC5C2F-D241-4001-949F-6F3DF4ADA010}.Release|x86.Build.0 = Release|x86
		{30DC5C2F-D241-4001-949F-6F3DF4ADA010}.SingleImage|Any CPU.ActiveCfg = Release|x86
		{30DC5C2F-D241-4001-949F-6F3DF4ADA010}.SingleImage|Mixed Platforms.ActiveCfg = Release|x86
		{30DC5C2F-D241-4001-949F-6F3DF4ADA010}.SingleImage|Mixed Platforms.Build.0 = Release|x86
		{30DC5C2F-D241-4001-949F-6F3DF4ADA010}.SingleImage|Win32.ActiveCfg = Release|x86
		{30DC5C2F-D241-4001-949F-6F3DF4ADA010}.SingleImage|x86.ActiveCfg = Release|x86
		{30DC5C2F-D241-4001-949F-6F3DF4ADA010}.SingleImage|x86.Build.0 = Release|x86
		{BFDD6282-FE5B-44C7-B8AF-CC0470DDA26C}.CD_ROM|Any CPU.ActiveCfg = Release|Any CPU
		{BFDD6282-FE5B-44C7-B8AF-CC0470DDA26C}.CD_ROM|Any CPU.Build.0 = Release|Any CPU
		{BFDD6282-FE5B-44C7-B8AF-CC0470DDA26C}.CD_ROM|Mixed Platforms.ActiveCfg = Release|Any CPU
		{BFDD6282-FE5B-44C7-B8AF-CC0470DDA26C}.CD_ROM|Mixed Platforms.Build.0 = Release|Any CPU
		{BFDD6282-FE5B-44C7-B8AF-CC0470DDA26C}.CD_ROM|Win32.ActiveCfg = Release|Any CPU
		{BFDD6282-FE5B-44C7-B8AF-CC0470DDA26C}.CD_ROM|x86.ActiveCfg = Release|Any CPU
		{BFDD6282-FE5B-44C7-B8AF-CC0470DDA26C}.DVD-5|Any CPU.ActiveCfg = Debug|Any CPU
		{BFDD6282-FE5B-44C7-B8AF-CC0470DDA26C}.DVD-5|Any CPU.Build.0 = Debug|Any CPU
		{BFDD6282-FE5B-44C7-B8AF-CC0470DDA26C}.DVD-5|Mixed Platforms.ActiveCfg = Debug|Any CPU
		{BFDD6282-FE5B-44C7-B8AF-CC0470DDA26C}.DVD-5|Mixed Platforms.Build.0 = Debug|Any CPU
		{BFDD6282-FE5B-44C7-B8AF-CC0470DDA26C}.DVD-5|Win32.ActiveCfg = Debug|Any CPU
		{BFDD6282-FE5B-44C7-B8AF-CC0470DDA26C}.DVD-5|x86.ActiveCfg = Debug|Any CPU
		{BFDD6282-FE5B-44C7-B8AF-CC0470DDA26C}.Debug|Any CPU.ActiveCfg = Debug|Any CPU
		{BFDD6282-FE5B-44C7-B8AF-CC0470DDA26C}.Debug|Any CPU.Build.0 = Debug|Any CPU
		{BFDD6282-FE5B-44C7-B8AF-CC0470DDA26C}.Debug|Mixed Platforms.ActiveCfg = Debug|Any CPU
		{BFDD6282-FE5B-44C7-B8AF-CC0470DDA26C}.Debug|Mixed Platforms.Build.0 = Debug|Any CPU
		{BFDD6282-FE5B-44C7-B8AF-CC0470DDA26C}.Debug|Win32.ActiveCfg = Debug|Any CPU
		{BFDD6282-FE5B-44C7-B8AF-CC0470DDA26C}.Debug|x86.ActiveCfg = Debug|Any CPU
		{BFDD6282-FE5B-44C7-B8AF-CC0470DDA26C}.Release|Any CPU.ActiveCfg = Release|Any CPU
		{BFDD6282-FE5B-44C7-B8AF-CC0470DDA26C}.Release|Any CPU.Build.0 = Release|Any CPU
		{BFDD6282-FE5B-44C7-B8AF-CC0470DDA26C}.Release|Mixed Platforms.ActiveCfg = Release|Any CPU
		{BFDD6282-FE5B-44C7-B8AF-CC0470DDA26C}.Release|Mixed Platforms.Build.0 = Release|Any CPU
		{BFDD6282-FE5B-44C7-B8AF-CC0470DDA26C}.Release|Win32.ActiveCfg = Release|Any CPU
		{BFDD6282-FE5B-44C7-B8AF-CC0470DDA26C}.Release|x86.ActiveCfg = Release|Any CPU
		{BFDD6282-FE5B-44C7-B8AF-CC0470DDA26C}.SingleImage|Any CPU.ActiveCfg = Release|Any CPU
		{BFDD6282-FE5B-44C7-B8AF-CC0470DDA26C}.SingleImage|Any CPU.Build.0 = Release|Any CPU
		{BFDD6282-FE5B-44C7-B8AF-CC0470DDA26C}.SingleImage|Mixed Platforms.ActiveCfg = Release|Any CPU
		{BFDD6282-FE5B-44C7-B8AF-CC0470DDA26C}.SingleImage|Mixed Platforms.Build.0 = Release|Any CPU
		{BFDD6282-FE5B-44C7-B8AF-CC0470DDA26C}.SingleImage|Win32.ActiveCfg = Release|Any CPU
		{BFDD6282-FE5B-44C7-B8AF-CC0470DDA26C}.SingleImage|x86.ActiveCfg = Release|Any CPU
		{F92644CE-8BA1-4B54-AA60-B7A30551481D}.CD_ROM|Any CPU.ActiveCfg = Release|x86
		{F92644CE-8BA1-4B54-AA60-B7A30551481D}.CD_ROM|Mixed Platforms.ActiveCfg = Release|x86
		{F92644CE-8BA1-4B54-AA60-B7A30551481D}.CD_ROM|Mixed Platforms.Build.0 = Release|x86
		{F92644CE-8BA1-4B54-AA60-B7A30551481D}.CD_ROM|Win32.ActiveCfg = Release|x86
		{F92644CE-8BA1-4B54-AA60-B7A30551481D}.CD_ROM|x86.ActiveCfg = Release|x86
		{F92644CE-8BA1-4B54-AA60-B7A30551481D}.CD_ROM|x86.Build.0 = Release|x86
		{F92644CE-8BA1-4B54-AA60-B7A30551481D}.DVD-5|Any CPU.ActiveCfg = Debug|x86
		{F92644CE-8BA1-4B54-AA60-B7A30551481D}.DVD-5|Mixed Platforms.ActiveCfg = Debug|x86
		{F92644CE-8BA1-4B54-AA60-B7A30551481D}.DVD-5|Mixed Platforms.Build.0 = Debug|x86
		{F92644CE-8BA1-4B54-AA60-B7A30551481D}.DVD-5|Win32.ActiveCfg = Debug|x86
		{F92644CE-8BA1-4B54-AA60-B7A30551481D}.DVD-5|x86.ActiveCfg = Debug|x86
		{F92644CE-8BA1-4B54-AA60-B7A30551481D}.DVD-5|x86.Build.0 = Debug|x86
		{F92644CE-8BA1-4B54-AA60-B7A30551481D}.Debug|Any CPU.ActiveCfg = Debug|x86
		{F92644CE-8BA1-4B54-AA60-B7A30551481D}.Debug|Mixed Platforms.ActiveCfg = Debug|x86
		{F92644CE-8BA1-4B54-AA60-B7A30551481D}.Debug|Mixed Platforms.Build.0 = Debug|x86
		{F92644CE-8BA1-4B54-AA60-B7A30551481D}.Debug|Win32.ActiveCfg = Debug|x86
		{F92644CE-8BA1-4B54-AA60-B7A30551481D}.Debug|x86.ActiveCfg = Debug|x86
		{F92644CE-8BA1-4B54-AA60-B7A30551481D}.Debug|x86.Build.0 = Debug|x86
		{F92644CE-8BA1-4B54-AA60-B7A30551481D}.Release|Any CPU.ActiveCfg = Release|x86
		{F92644CE-8BA1-4B54-AA60-B7A30551481D}.Release|Mixed Platforms.ActiveCfg = Release|x86
		{F92644CE-8BA1-4B54-AA60-B7A30551481D}.Release|Mixed Platforms.Build.0 = Release|x86
		{F92644CE-8BA1-4B54-AA60-B7A30551481D}.Release|Win32.ActiveCfg = Release|x86
		{F92644CE-8BA1-4B54-AA60-B7A30551481D}.Release|x86.ActiveCfg = Release|x86
		{F92644CE-8BA1-4B54-AA60-B7A30551481D}.Release|x86.Build.0 = Release|x86
		{F92644CE-8BA1-4B54-AA60-B7A30551481D}.SingleImage|Any CPU.ActiveCfg = Release|x86
		{F92644CE-8BA1-4B54-AA60-B7A30551481D}.SingleImage|Mixed Platforms.ActiveCfg = Release|x86
		{F92644CE-8BA1-4B54-AA60-B7A30551481D}.SingleImage|Mixed Platforms.Build.0 = Release|x86
		{F92644CE-8BA1-4B54-AA60-B7A30551481D}.SingleImage|Win32.ActiveCfg = Release|x86
		{F92644CE-8BA1-4B54-AA60-B7A30551481D}.SingleImage|x86.ActiveCfg = Release|x86
		{F92644CE-8BA1-4B54-AA60-B7A30551481D}.SingleImage|x86.Build.0 = Release|x86
	EndGlobalSection
	GlobalSection(SolutionProperties) = preSolution
		HideSolutionNode = FALSE
	EndGlobalSection
EndGlobal
